
Microsoft Visual Studio Solution File, Format Version 12.00
# Visual Studio Version 17
VisualStudioVersion = 17.5.002.0
MinimumVisualStudioVersion = 10.0.40219.1
Project("{9A19103F-16F7-4668-BE54-9A1E7A4F7556}") = "Asilo.API", "Asilo.API.csproj", "{417041D9-FDF8-418E-82AA-D080FDCE665C}"
EndProject
Project("{2150E333-8FDC-42A3-9474-1A3956D46DE8}") = "Teste", "Teste", "{FE8053A1-40C5-41AD-8731-AF50C8CB66C8}"
EndProject
Project("{9A19103F-16F7-4668-BE54-9A1E7A4F7556}") = "AsiloTestes", "..\AsiloTestes\AsiloTestes.csproj", "{F081E4DF-DCFD-48E8-B70C-2C0501C6B4F8}"
EndProject
Global
	GlobalSection(SolutionConfigurationPlatforms) = preSolution
		Debug|Any CPU = Debug|Any CPU
		Release|Any CPU = Release|Any CPU
	EndGlobalSection
	GlobalSection(ProjectConfigurationPlatforms) = postSolution
		{417041D9-FDF8-418E-82AA-D080FDCE665C}.Debug|Any CPU.ActiveCfg = Debug|Any CPU
		{417041D9-FDF8-418E-82AA-D080FDCE665C}.Debug|Any CPU.Build.0 = Debug|Any CPU
		{417041D9-FDF8-418E-82AA-D080FDCE665C}.Release|Any CPU.ActiveCfg = Release|Any CPU
		{417041D9-FDF8-418E-82AA-D080FDCE665C}.Release|Any CPU.Build.0 = Release|Any CPU
		{F081E4DF-DCFD-48E8-B70C-2C0501C6B4F8}.Debug|Any CPU.ActiveCfg = Debug|Any CPU
		{F081E4DF-DCFD-48E8-B70C-2C0501C6B4F8}.Debug|Any CPU.Build.0 = Debug|Any CPU
		{F081E4DF-DCFD-48E8-B70C-2C0501C6B4F8}.Release|Any CPU.ActiveCfg = Release|Any CPU
		{F081E4DF-DCFD-48E8-B70C-2C0501C6B4F8}.Release|Any CPU.Build.0 = Release|Any CPU
	EndGlobalSection
	GlobalSection(SolutionProperties) = preSolution
		HideSolutionNode = FALSE
	EndGlobalSection
	GlobalSection(NestedProjects) = preSolution
		{F081E4DF-DCFD-48E8-B70C-2C0501C6B4F8} = {FE8053A1-40C5-41AD-8731-AF50C8CB66C8}
	EndGlobalSection
	GlobalSection(ExtensibilityGlobals) = postSolution
		SolutionGuid = {311BC36F-E0CD-4BF3-85C6-4C1BF47BF963}
	EndGlobalSection
EndGlobal
